
Microsoft Visual Studio Solution File, Format Version 12.00
# Visual Studio 2013
VisualStudioVersion = 12.0.30723.0
MinimumVisualStudioVersion = 10.0.40219.1
Project("{FAE04EC0-301F-11D3-BF4B-00C04F79EFBC}") = "RadioSchemeCatalog", "RadioSchemeCatalog\RadioSchemeCatalog.csproj", "{CE86620D-5220-4D1D-9CFE-317DEF4F2656}"
	ProjectSection(ProjectDependencies) = postProject
		{F38A8EE0-BDAF-42C6-8DA3-42FE0B6AB69E} = {F38A8EE0-BDAF-42C6-8DA3-42FE0B6AB69E}
	EndProjectSection
EndProject
Project("{FAE04EC0-301F-11D3-BF4B-00C04F79EFBC}") = "RadioSchemeCatalog.Tests", "C:\Users\Shadow\Documents\Visual Studio 2013\Projects\RadioSchemeCatalog\RadioSchemeCatalog.Tests\RadioSchemeCatalog.Tests.csproj", "{950228D7-9052-4319-9E46-76B6868CD51A}"
EndProject
Project("{FAE04EC0-301F-11D3-BF4B-00C04F79EFBC}") = "Resources", "Resources\Resources.csproj", "{F38A8EE0-BDAF-42C6-8DA3-42FE0B6AB69E}"
EndProject
Global
	GlobalSection(SolutionConfigurationPlatforms) = preSolution
		Debug|Any CPU = Debug|Any CPU
		Release|Any CPU = Release|Any CPU
	EndGlobalSection
	GlobalSection(ProjectConfigurationPlatforms) = postSolution
		{CE86620D-5220-4D1D-9CFE-317DEF4F2656}.Debug|Any CPU.ActiveCfg = Debug|Any CPU
		{CE86620D-5220-4D1D-9CFE-317DEF4F2656}.Debug|Any CPU.Build.0 = Debug|Any CPU
		{CE86620D-5220-4D1D-9CFE-317DEF4F2656}.Release|Any CPU.ActiveCfg = Release|Any CPU
		{CE86620D-5220-4D1D-9CFE-317DEF4F2656}.Release|Any CPU.Build.0 = Release|Any CPU
		{950228D7-9052-4319-9E46-76B6868CD51A}.Debug|Any CPU.ActiveCfg = Debug|Any CPU
		{950228D7-9052-4319-9E46-76B6868CD51A}.Debug|Any CPU.Build.0 = Debug|Any CPU
		{950228D7-9052-4319-9E46-76B6868CD51A}.Release|Any CPU.ActiveCfg = Release|Any CPU
		{950228D7-9052-4319-9E46-76B6868CD51A}.Release|Any CPU.Build.0 = Release|Any CPU
		{F38A8EE0-BDAF-42C6-8DA3-42FE0B6AB69E}.Debug|Any CPU.ActiveCfg = Debug|Any CPU
		{F38A8EE0-BDAF-42C6-8DA3-42FE0B6AB69E}.Debug|Any CPU.Build.0 = Debug|Any CPU
		{F38A8EE0-BDAF-42C6-8DA3-42FE0B6AB69E}.Release|Any CPU.ActiveCfg = Release|Any CPU
		{F38A8EE0-BDAF-42C6-8DA3-42FE0B6AB69E}.Release|Any CPU.Build.0 = Release|Any CPU
	EndGlobalSection
	GlobalSection(SolutionProperties) = preSolution
		HideSolutionNode = FALSE
	EndGlobalSection
EndGlobal
